
Microsoft Visual Studio Solution File, Format Version 12.00
# Visual Studio Version 16
VisualStudioVersion = 16.0.29806.167
MinimumVisualStudioVersion = 10.0.40219.1
Project("{8BC9CEB8-8B4A-11D0-8D11-00A0C91BC942}") = "enclosed_space", "enclosed_space.vcxproj", "{A6B262EE-68AB-4BD7-AC03-B3C39C7E7FEA}"
EndProject
Global
	GlobalSection(SolutionConfigurationPlatforms) = preSolution
		Debug|x64 = Debug|x64
		Debug|x86 = Debug|x86
		Release|x64 = Release|x64
		Release|x86 = Release|x86
	EndGlobalSection
	GlobalSection(ProjectConfigurationPlatforms) = postSolution
		{A6B262EE-68AB-4BD7-AC03-B3C39C7E7FEA}.Debug|x64.ActiveCfg = Debug|x64
		{A6B262EE-68AB-4BD7-AC03-B3C39C7E7FEA}.Debug|x64.Build.0 = Debug|x64
		{A6B262EE-68AB-4BD7-AC03-B3C39C7E7FEA}.Debug|x86.ActiveCfg = Debug|Win32
		{A6B262EE-68AB-4BD7-AC03-B3C39C7E7FEA}.Debug|x86.Build.0 = Debug|Win32
		{A6B262EE-68AB-4BD7-AC03-B3C39C7E7FEA}.Release|x64.ActiveCfg = Release|x64
		{A6B262EE-68AB-4BD7-AC03-B3C39C7E7FEA}.Release|x64.Build.0 = Release|x64
		{A6B262EE-68AB-4BD7-AC03-B3C39C7E7FEA}.Release|x86.ActiveCfg = Release|Win32
		{A6B262EE-68AB-4BD7-AC03-B3C39C7E7FEA}.Release|x86.Build.0 = Release|Win32
	EndGlobalSection
	GlobalSection(SolutionProperties) = preSolution
		HideSolutionNode = FALSE
	EndGlobalSection
	GlobalSection(ExtensibilityGlobals) = postSolution
		SolutionGuid = {53609E1A-62FF-489D-A0B6-5206F4A5A7C9}
	EndGlobalSection
EndGlobal
